
Microsoft Visual Studio Solution File, Format Version 12.00
# Visual Studio Version 17
VisualStudioVersion = 17.2.32630.192
MinimumVisualStudioVersion = 10.0.40219.1
Project("{9A19103F-16F7-4668-BE54-9A1E7A4F7556}") = "Nomis.SOL.Web", "Nomis.SOL.Web\Nomis.SOL.Web.csproj", "{A5638B21-6F12-48DA-B25A-9A51D0A1A864}"
EndProject
Global
	GlobalSection(SolutionConfigurationPlatforms) = preSolution
		Debug|Any CPU = Debug|Any CPU
		Release|Any CPU = Release|Any CPU
	EndGlobalSection
	GlobalSection(ProjectConfigurationPlatforms) = postSolution
		{A5638B21-6F12-48DA-B25A-9A51D0A1A864}.Debug|Any CPU.ActiveCfg = Debug|Any CPU
		{A5638B21-6F12-48DA-B25A-9A51D0A1A864}.Debug|Any CPU.Build.0 = Debug|Any CPU
		{A5638B21-6F12-48DA-B25A-9A51D0A1A864}.Release|Any CPU.ActiveCfg = Release|Any CPU
		{A5638B21-6F12-48DA-B25A-9A51D0A1A864}.Release|Any CPU.Build.0 = Release|Any CPU
	EndGlobalSection
	GlobalSection(SolutionProperties) = preSolution
		HideSolutionNode = FALSE
	EndGlobalSection
	GlobalSection(ExtensibilityGlobals) = postSolution
		SolutionGuid = {CDA3FCCB-97DF-45CA-923C-1C9A863AA737}
	EndGlobalSection
EndGlobal
